
Microsoft Visual Studio Solution File, Format Version 12.00
# Visual Studio Version 17
VisualStudioVersion = 17.11.35327.3
MinimumVisualStudioVersion = 10.0.40219.1
Project("{FAE04EC0-301F-11D3-BF4B-00C04F79EFBC}") = "Lab08", "Lab08\Lab08.csproj", "{3C6C2102-B2C3-47F4-BD87-09C8C37490E7}"
EndProject
Global
	GlobalSection(SolutionConfigurationPlatforms) = preSolution
		Debug|Any CPU = Debug|Any CPU
		Release|Any CPU = Release|Any CPU
	EndGlobalSection
	GlobalSection(ProjectConfigurationPlatforms) = postSolution
		{3C6C2102-B2C3-47F4-BD87-09C8C37490E7}.Debug|Any CPU.ActiveCfg = Debug|Any CPU
		{3C6C2102-B2C3-47F4-BD87-09C8C37490E7}.Debug|Any CPU.Build.0 = Debug|Any CPU
		{3C6C2102-B2C3-47F4-BD87-09C8C37490E7}.Release|Any CPU.ActiveCfg = Release|Any CPU
		{3C6C2102-B2C3-47F4-BD87-09C8C37490E7}.Release|Any CPU.Build.0 = Release|Any CPU
	EndGlobalSection
	GlobalSection(SolutionProperties) = preSolution
		HideSolutionNode = FALSE
	EndGlobalSection
	GlobalSection(ExtensibilityGlobals) = postSolution
		SolutionGuid = {FBE5831F-3D77-4202-963A-C10F1B441D4D}
	EndGlobalSection
EndGlobal
