
Microsoft Visual Studio Solution File, Format Version 12.00
# Visual Studio Version 17
VisualStudioVersion = 17.11.35327.3
MinimumVisualStudioVersion = 10.0.40219.1
Project("{FAE04EC0-301F-11D3-BF4B-00C04F79EFBC}") = "LAP01", "LAP01\LAP01.csproj", "{A6EA458C-B38F-461F-BB34-2E4074E8E5F3}"
EndProject
Global
	GlobalSection(SolutionConfigurationPlatforms) = preSolution
		Debug|Any CPU = Debug|Any CPU
		Release|Any CPU = Release|Any CPU
	EndGlobalSection
	GlobalSection(ProjectConfigurationPlatforms) = postSolution
		{A6EA458C-B38F-461F-BB34-2E4074E8E5F3}.Debug|Any CPU.ActiveCfg = Debug|Any CPU
		{A6EA458C-B38F-461F-BB34-2E4074E8E5F3}.Debug|Any CPU.Build.0 = Debug|Any CPU
		{A6EA458C-B38F-461F-BB34-2E4074E8E5F3}.Release|Any CPU.ActiveCfg = Release|Any CPU
		{A6EA458C-B38F-461F-BB34-2E4074E8E5F3}.Release|Any CPU.Build.0 = Release|Any CPU
	EndGlobalSection
	GlobalSection(SolutionProperties) = preSolution
		HideSolutionNode = FALSE
	EndGlobalSection
	GlobalSection(ExtensibilityGlobals) = postSolution
		SolutionGuid = {87D3D3F1-0C13-4731-96B5-094ADCAEB133}
	EndGlobalSection
EndGlobal
